// !$*UTF8*$!
{
	archiveVersion = 1;
	classes = {
	};
	objectVersion = 46;
	objects = {

/* Begin PBXBuildFile section */
		2799A1651A88C663008E1F4F /* main.m in Sources */ = {isa = PBXBuildFile; fileRef = 2799A1641A88C663008E1F4F /* main.m */; };
		2799A1681A88C663008E1F4F /* AppDelegate.m in Sources */ = {isa = PBXBuildFile; fileRef = 2799A1671A88C663008E1F4F /* AppDelegate.m */; };
		2799A16B1A88C663008E1F4F /* ViewController.m in Sources */ = {isa = PBXBuildFile; fileRef = 2799A16A1A88C663008E1F4F /* ViewController.m */; };
		2799A16E1A88C663008E1F4F /* Main.storyboard in Resources */ = {isa = PBXBuildFile; fileRef = 2799A16C1A88C663008E1F4F /* Main.storyboard */; };
		2799A1701A88C663008E1F4F /* Images.xcassets in Resources */ = {isa = PBXBuildFile; fileRef = 2799A16F1A88C663008E1F4F /* Images.xcassets */; };
		2799A1731A88C663008E1F4F /* LaunchScreen.xib in Resources */ = {isa = PBXBuildFile; fileRef = 2799A1711A88C663008E1F4F /* LaunchScreen.xib */; };
		2799A17F1A88C663008E1F4F /* tictacsnowTests.m in Sources */ = {isa = PBXBuildFile; fileRef = 2799A17E1A88C663008E1F4F /* tictacsnowTests.m */; };
		2799A18D1A88D458008E1F4F /* oxImageView.m in Sources */ = {isa = PBXBuildFile; fileRef = 2799A18C1A88D458008E1F4F /* oxImageView.m */; };
		27D97CD61A88DF1E00ED1496 /* win.mp3 in Resources */ = {isa = PBXBuildFile; fileRef = 27D97CD41A88DF1E00ED1496 /* win.mp3 */; };
		27D97CDA1A88E31F00ED1496 /* drag.mp3 in Resources */ = {isa = PBXBuildFile; fileRef = 27D97CD91A88E31F00ED1496 /* drag.mp3 */; };
/* End PBXBuildFile section */

/* Begin PBXContainerItemProxy section */
		2799A1791A88C663008E1F4F /* PBXContainerItemProxy */ = {
			isa = PBXContainerItemProxy;
			containerPortal = 2799A1571A88C663008E1F4F /* Project object */;
			proxyType = 1;
			remoteGlobalIDString = 2799A15E1A88C663008E1F4F;
			remoteInfo = tictacsnow;
		};
/* End PBXContainerItemProxy section */

/* Begin PBXFileReference section */
		2799A15F1A88C663008E1F4F /* tictacsnow.app */ = {isa = PBXFileReference; explicitFileType = wrapper.application; includeInIndex = 0; path = tictacsnow.app; sourceTree = BUILT_PRODUCTS_DIR; };
		2799A1631A88C663008E1F4F /* Info.plist */ = {isa = PBXFileReference; lastKnownFileType = text.plist.xml; path = Info.plist; sourceTree = "<group>"; };
		2799A1641A88C663008E1F4F /* main.m */ = {isa = PBXFileReference; lastKnownFileType = sourcecode.c.objc; path = main.m; sourceTree = "<group>"; };
		2799A1661A88C663008E1F4F /* AppDelegate.h */ = {isa = PBXFileReference; lastKnownFileType = sourcecode.c.h; path = AppDelegate.h; sourceTree = "<group>"; };
		2799A1671A88C663008E1F4F /* AppDelegate.m */ = {isa = PBXFileReference; lastKnownFileType = sourcecode.c.objc; path = AppDelegate.m; sourceTree = "<group>"; };
		2799A1691A88C663008E1F4F /* ViewController.h */ = {isa = PBXFileReference; lastKnownFileType = sourcecode.c.h; path = ViewController.h; sourceTree = "<group>"; };
		2799A16A1A88C663008E1F4F /* ViewController.m */ = {isa = PBXFileReference; lastKnownFileType = sourcecode.c.objc; path = ViewController.m; sourceTree = "<group>"; };
		2799A16D1A88C663008E1F4F /* Base */ = {isa = PBXFileReference; lastKnownFileType = file.storyboard; name = Base; path = Base.lproj/Main.storyboard; sourceTree = "<group>"; };
		2799A16F1A88C663008E1F4F /* Images.xcassets */ = {isa = PBXFileReference; lastKnownFileType = folder.assetcatalog; path = Images.xcassets; sourceTree = "<group>"; };
		2799A1721A88C663008E1F4F /* Base */ = {isa = PBXFileReference; lastKnownFileType = file.xib; name = Base; path = Base.lproj/LaunchScreen.xib; sourceTree = "<group>"; };
		2799A1781A88C663008E1F4F /* tictacsnowTests.xctest */ = {isa = PBXFileReference; explicitFileType = wrapper.cfbundle; includeInIndex = 0; path = tictacsnowTests.xctest; sourceTree = BUILT_PRODUCTS_DIR; };
		2799A17D1A88C663008E1F4F /* Info.plist */ = {isa = PBXFileReference; lastKnownFileType = text.plist.xml; path = Info.plist; sourceTree = "<group>"; };
		2799A17E1A88C663008E1F4F /* tictacsnowTests.m */ = {isa = PBXFileReference; lastKnownFileType = sourcecode.c.objc; path = tictacsnowTests.m; sourceTree = "<group>"; };
		2799A18B1A88D458008E1F4F /* oxImageView.h */ = {isa = PBXFileReference; fileEncoding = 4; lastKnownFileType = sourcecode.c.h; name = oxImageView.h; path = ../oxImageView.h; sourceTree = "<group>"; };
		2799A18C1A88D458008E1F4F /* oxImageView.m */ = {isa = PBXFileReference; fileEncoding = 4; lastKnownFileType = sourcecode.c.objc; name = oxImageView.m; path = ../oxImageView.m; sourceTree = "<group>"; };
		27D97CD41A88DF1E00ED1496 /* win.mp3 */ = {isa = PBXFileReference; lastKnownFileType = audio.mp3; path = win.mp3; sourceTree = "<group>"; };
		27D97CD91A88E31F00ED1496 /* drag.mp3 */ = {isa = PBXFileReference; lastKnownFileType = audio.mp3; path = drag.mp3; sourceTree = "<group>"; };
/* End PBXFileReference section */

/* Begin PBXFrameworksBuildPhase section */
		2799A15C1A88C663008E1F4F /* Frameworks */ = {
			isa = PBXFrameworksBuildPhase;
			buildActionMask = 2147483647;
			files = (
			);
			runOnlyForDeploymentPostprocessing = 0;
		};
		2799A1751A88C663008E1F4F /* Frameworks */ = {
			isa = PBXFrameworksBuildPhase;
			buildActionMask = 2147483647;
			files = (
			);
			runOnlyForDeploymentPostprocessing = 0;
		};
/* End PBXFrameworksBuildPhase section */

/* Begin PBXGroup section */
		2799A1561A88C663008E1F4F = {
			isa = PBXGroup;
			children = (
				2799A1611A88C663008E1F4F /* tictacsnow */,
				2799A17B1A88C663008E1F4F /* tictacsnowTests */,
				2799A1601A88C663008E1F4F /* Products */,
			);
			sourceTree = "<group>";
		};
		2799A1601A88C663008E1F4F /* Products */ = {
			isa = PBXGroup;
			children = (
				2799A15F1A88C663008E1F4F /* tictacsnow.app */,
				2799A1781A88C663008E1F4F /* tictacsnowTests.xctest */,
			);
			name = Products;
			sourceTree = "<group>";
		};
		2799A1611A88C663008E1F4F /* tictacsnow */ = {
			isa = PBXGroup;
			children = (
				2799A18B1A88D458008E1F4F /* oxImageView.h */,
				2799A18C1A88D458008E1F4F /* oxImageView.m */,
				2799A1661A88C663008E1F4F /* AppDelegate.h */,
				2799A1671A88C663008E1F4F /* AppDelegate.m */,
				2799A1691A88C663008E1F4F /* ViewController.h */,
				2799A16A1A88C663008E1F4F /* ViewController.m */,
				2799A16C1A88C663008E1F4F /* Main.storyboard */,
				2799A16F1A88C663008E1F4F /* Images.xcassets */,
				2799A1711A88C663008E1F4F /* LaunchScreen.xib */,
				2799A1621A88C663008E1F4F /* Supporting Files */,
			);
			path = tictacsnow;
			sourceTree = "<group>";
		};
		2799A1621A88C663008E1F4F /* Supporting Files */ = {
			isa = PBXGroup;
			children = (
				27D97CD91A88E31F00ED1496 /* drag.mp3 */,
				27D97CD41A88DF1E00ED1496 /* win.mp3 */,
				2799A1631A88C663008E1F4F /* Info.plist */,
				2799A1641A88C663008E1F4F /* main.m */,
			);
			name = "Supporting Files";
			sourceTree = "<group>";
		};
		2799A17B1A88C663008E1F4F /* tictacsnowTests */ = {
			isa = PBXGroup;
			children = (
				2799A17E1A88C663008E1F4F /* tictacsnowTests.m */,
				2799A17C1A88C663008E1F4F /* Supporting Files */,
			);
			path = tictacsnowTests;
			sourceTree = "<group>";
		};
		2799A17C1A88C663008E1F4F /* Supporting Files */ = {
			isa = PBXGroup;
			children = (
				2799A17D1A88C663008E1F4F /* Info.plist */,
			);
			name = "Supporting Files";
			sourceTree = "<group>";
		};
/* End PBXGroup section */

/* Begin PBXNativeTarget section */
		2799A15E1A88C663008E1F4F /* tictacsnow */ = {
			isa = PBXNativeTarget;
			buildConfigurationList = 2799A1821A88C663008E1F4F /* Build configuration list for PBXNativeTarget "tictacsnow" */;
			buildPhases = (
				2799A15B1A88C663008E1F4F /* Sources */,
				2799A15C1A88C663008E1F4F /* Frameworks */,
				2799A15D1A88C663008E1F4F /* Resources */,
			);
			buildRules = (
			);
			dependencies = (
			);
			name = tictacsnow;
			productName = tictacsnow;
			productReference = 2799A15F1A88C663008E1F4F /* tictacsnow.app */;
			productType = "com.apple.product-type.application";
		};
		2799A1771A88C663008E1F4F /* tictacsnowTests */ = {
			isa = PBXNativeTarget;
			buildConfigurationList = 2799A1851A88C663008E1F4F /* Build configuration list for PBXNativeTarget "tictacsnowTests" */;
			buildPhases = (
				2799A1741A88C663008E1F4F /* Sources */,
				2799A1751A88C663008E1F4F /* Frameworks */,
				2799A1761A88C663008E1F4F /* Resources */,
			);
			buildRules = (
			);
			dependencies = (
				2799A17A1A88C663008E1F4F /* PBXTargetDependency */,
			);
			name = tictacsnowTests;
			productName = tictacsnowTests;
			productReference = 2799A1781A88C663008E1F4F /* tictacsnowTests.xctest */;
			productType = "com.apple.product-type.bundle.unit-test";
		};
/* End PBXNativeTarget section */

/* Begin PBXProject section */
		2799A1571A88C663008E1F4F /* Project object */ = {
			isa = PBXProject;
			attributes = {
				LastUpgradeCheck = 0610;
				ORGANIZATIONNAME = Zhong;
				TargetAttributes = {
					2799A15E1A88C663008E1F4F = {
						CreatedOnToolsVersion = 6.1.1;
					};
					2799A1771A88C663008E1F4F = {
						CreatedOnToolsVersion = 6.1.1;
						TestTargetID = 2799A15E1A88C663008E1F4F;
					};
				};
			};
			buildConfigurationList = 2799A15A1A88C663008E1F4F /* Build configuration list for PBXProject "tictacsnow" */;
			compatibilityVersion = "Xcode 3.2";
			developmentRegion = English;
			hasScannedForEncodings = 0;
			knownRegions = (
				en,
				Base,
			);
			mainGroup = 2799A1561A88C663008E1F4F;
			productRefGroup = 2799A1601A88C663008E1F4F /* Products */;
			projectDirPath = "";
			projectRoot = "";
			targets = (
				2799A15E1A88C663008E1F4F /* tictacsnow */,
				2799A1771A88C663008E1F4F /* tictacsnowTests */,
			);
		};
/* End PBXProject section */

/* Begin PBXResourcesBuildPhase section */
		2799A15D1A88C663008E1F4F /* Resources */ = {
			isa = PBXResourcesBuildPhase;
			buildActionMask = 2147483647;
			files = (
				27D97CD61A88DF1E00ED1496 /* win.mp3 in Resources */,
				27D97CDA1A88E31F00ED1496 /* drag.mp3 in Resources */,
				2799A16E1A88C663008E1F4F /* Main.storyboard in Resources */,
				2799A1731A88C663008E1F4F /* LaunchScreen.xib in Resources */,
				2799A1701A88C663008E1F4F /* Images.xcassets in Resources */,
			);
			runOnlyForDeploymentPostprocessing = 0;
		};
		2799A1761A88C663008E1F4F /* Resources */ = {
			isa = PBXResourcesBuildPhase;
			buildActionMask = 2147483647;
			files = (
			);
			runOnlyForDeploymentPostprocessing = 0;
		};
/* End PBXResourcesBuildPhase section */

/* Begin PBXSourcesBuildPhase section */
		2799A15B1A88C663008E1F4F /* Sources */ = {
			isa = PBXSourcesBuildPhase;
			buildActionMask = 2147483647;
			files = (
				2799A16B1A88C663008E1F4F /* ViewController.m in Sources */,
				2799A18D1A88D458008E1F4F /* oxImageView.m in Sources */,
				2799A1681A88C663008E1F4F /* AppDelegate.m in Sources */,
				2799A1651A88C663008E1F4F /* main.m in Sources */,
			);
			runOnlyForDeploymentPostprocessing = 0;
		};
		2799A1741A88C663008E1F4F /* Sources */ = {
			isa = PBXSourcesBuildPhase;
			buildActionMask = 2147483647;
			files = (
				2799A17F1A88C663008E1F4F /* tictacsnowTests.m in Sources */,
			);
			runOnlyForDeploymentPostprocessing = 0;
		};
/* End PBXSourcesBuildPhase section */

/* Begin PBXTargetDependency section */
		2799A17A1A88C663008E1F4F /* PBXTargetDependency */ = {
			isa = PBXTargetDependency;
			target = 2799A15E1A88C663008E1F4F /* tictacsnow */;
			targetProxy = 2799A1791A88C663008E1F4F /* PBXContainerItemProxy */;
		};
/* End PBXTargetDependency section */

/* Begin PBXVariantGroup section */
		2799A16C1A88C663008E1F4F /* Main.storyboard */ = {
			isa = PBXVariantGroup;
			children = (
				2799A16D1A88C663008E1F4F /* Base */,
			);
			name = Main.storyboard;
			sourceTree = "<group>";
		};
		2799A1711A88C663008E1F4F /* LaunchScreen.xib */ = {
			isa = PBXVariantGroup;
			children = (
				2799A1721A88C663008E1F4F /* Base */,
			);
			name = LaunchScreen.xib;
			sourceTree = "<group>";
		};
/* End PBXVariantGroup section */

/* Begin XCBuildConfiguration section */
		2799A1801A88C663008E1F4F /* Debug */ = {
			isa = XCBuildConfiguration;
			buildSettings = {
				ALWAYS_SEARCH_USER_PATHS = NO;
				CLANG_CXX_LANGUAGE_STANDARD = "gnu++0x";
				CLANG_CXX_LIBRARY = "libc++";
				CLANG_ENABLE_MODULES = YES;
				CLANG_ENABLE_OBJC_ARC = YES;
				CLANG_WARN_BOOL_CONVERSION = YES;
				CLANG_WARN_CONSTANT_CONVERSION = YES;
				CLANG_WARN_DIRECT_OBJC_ISA_USAGE = YES_ERROR;
				CLANG_WARN_EMPTY_BODY = YES;
				CLANG_WARN_ENUM_CONVERSION = YES;
				CLANG_WARN_INT_CONVERSION = YES;
				CLANG_WARN_OBJC_ROOT_CLASS = YES_ERROR;
				CLANG_WARN_UNREACHABLE_CODE = YES;
				CLANG_WARN__DUPLICATE_METHOD_MATCH = YES;
				"CODE_SIGN_IDENTITY[sdk=iphoneos*]" = "iPhone Developer";
				COPY_PHASE_STRIP = NO;
				ENABLE_STRICT_OBJC_MSGSEND = YES;
				GCC_C_LANGUAGE_STANDARD = gnu99;
				GCC_DYNAMIC_NO_PIC = NO;
				GCC_OPTIMIZATION_LEVEL = 0;
				GCC_PREPROCESSOR_DEFINITIONS = (
					"DEBUG=1",
					"$(inherited)",
				);
				GCC_SYMBOLS_PRIVATE_EXTERN = NO;
				GCC_WARN_64_TO_32_BIT_CONVERSION = YES;
				GCC_WARN_ABOUT_RETURN_TYPE = YES_ERROR;
				GCC_WARN_UNDECLARED_SELECTOR = YES;
				GCC_WARN_UNINITIALIZED_AUTOS = YES_AGGRESSIVE;
				GCC_WARN_UNUSED_FUNCTION = YES;
				GCC_WARN_UNUSED_VARIABLE = YES;
				IPHONEOS_DEPLOYMENT_TARGET = 8.1;
				MTL_ENABLE_DEBUG_INFO = YES;
				ONLY_ACTIVE_ARCH = YES;
				SDKROOT = iphoneos;
				TARGETED_DEVICE_FAMILY = "1,2";
			};
			name = Debug;
		};
		2799A1811A88C663008E1F4F /* Release */ = {
			isa = XCBuildConfiguration;
			buildSettings = {
				ALWAYS_SEARCH_USER_PATHS = NO;
				CLANG_CXX_LANGUAGE_STANDARD = "gnu++0x";
				CLANG_CXX_LIBRARY = "libc++";
				CLANG_ENABLE_MODULES = YES;
				CLANG_ENABLE_OBJC_ARC = YES;
				CLANG_WARN_BOOL_CONVERSION = YES;
				CLANG_WARN_CONSTANT_CONVERSION = YES;
				CLANG_WARN_DIRECT_OBJC_ISA_USAGE = YES_ERROR;
				CLANG_WARN_EMPTY_BODY = YES;
				CLANG_WARN_ENUM_CONVERSION = YES;
				CLANG_WARN_INT_CONVERSION = YES;
				CLANG_WARN_OBJC_ROOT_CLASS = YES_ERROR;
				CLANG_WARN_UNREACHABLE_CODE = YES;
				CLANG_WARN__DUPLICATE_METHOD_MATCH = YES;
				"CODE_SIGN_IDENTITY[sdk=iphoneos*]" = "iPhone Developer";
				COPY_PHASE_STRIP = YES;
				ENABLE_NS_ASSERTIONS = NO;
				ENABLE_STRICT_OBJC_MSGSEND = YES;
				GCC_C_LANGUAGE_STANDARD = gnu99;
				GCC_WARN_64_TO_32_BIT_CONVERSION = YES;
				GCC_WARN_ABOUT_RETURN_TYPE = YES_ERROR;
				GCC_WARN_UNDECLARED_SELECTOR = YES;
				GCC_WARN_UNINITIALIZED_AUTOS = YES_AGGRESSIVE;
				GCC_WARN_UNUSED_FUNCTION = YES;
				GCC_WARN_UNUSED_VARIABLE = YES;
				IPHONEOS_DEPLOYMENT_TARGET = 8.1;
				MTL_ENABLE_DEBUG_INFO = NO;
				SDKROOT = iphoneos;
				TARGETED_DEVICE_FAMILY = "1,2";
				VALIDATE_PRODUCT = YES;
			};
			name = Release;
		};
		2799A1831A88C663008E1F4F /* Debug */ = {
			isa = XCBuildConfiguration;
			buildSettings = {
				ASSETCATALOG_COMPILER_APPICON_NAME = AppIcon;
				INFOPLIST_FILE = tictacsnow/Info.plist;
				LD_RUNPATH_SEARCH_PATHS = "$(inherited) @executable_path/Frameworks";
				PRODUCT_NAME = "$(TARGET_NAME)";
			};
			name = Debug;
		};
		2799A1841A88C663008E1F4F /* Release */ = {
			isa = XCBuildConfiguration;
			buildSettings = {
				ASSETCATALOG_COMPILER_APPICON_NAME = AppIcon;
				INFOPLIST_FILE = tictacsnow/Info.plist;
				LD_RUNPATH_SEARCH_PATHS = "$(inherited) @executable_path/Frameworks";
				PRODUCT_NAME = "$(TARGET_NAME)";
			};
			name = Release;
		};
		2799A1861A88C663008E1F4F /* Debug */ = {
			isa = XCBuildConfiguration;
			buildSettings = {
				BUNDLE_LOADER = "$(TEST_HOST)";
				FRAMEWORK_SEARCH_PATHS = (
					"$(SDKROOT)/Developer/Library/Frameworks",
					"$(inherited)",
				);
				GCC_PREPROCESSOR_DEFINITIONS = (
					"DEBUG=1",
					"$(inherited)",
				);
				INFOPLIST_FILE = tictacsnowTests/Info.plist;
				LD_RUNPATH_SEARCH_PATHS = "$(inherited) @executable_path/Frameworks @loader_path/Frameworks";
				PRODUCT_NAME = "$(TARGET_NAME)";
				TEST_HOST = "$(BUILT_PRODUCTS_DIR)/tictacsnow.app/tictacsnow";
			};
			name = Debug;
		};
		2799A1871A88C663008E1F4F /* Release */ = {
			isa = XCBuildConfiguration;
			buildSettings = {
				BUNDLE_LOADER = "$(TEST_HOST)";
				FRAMEWORK_SEARCH_PATHS = (
					"$(SDKROOT)/Developer/Library/Frameworks",
					"$(inherited)",
				);
				INFOPLIST_FILE = tictacsnowTests/Info.plist;
				LD_RUNPATH_SEARCH_PATHS = "$(inherited) @executable_path/Frameworks @loader_path/Frameworks";
				PRODUCT_NAME = "$(TARGET_NAME)";
				TEST_HOST = "$(BUILT_PRODUCTS_DIR)/tictacsnow.app/tictacsnow";
			};
			name = Release;
		};
/* End XCBuildConfiguration section */

/* Begin XCConfigurationList section */
		2799A15A1A88C663008E1F4F /* Build configuration list for PBXProject "tictacsnow" */ = {
			isa = XCConfigurationList;
			buildConfigurations = (
				2799A1801A88C663008E1F4F /* Debug */,
				2799A1811A88C663008E1F4F /* Release */,
			);
			defaultConfigurationIsVisible = 0;
			defaultConfigurationName = Release;
		};
		2799A1821A88C663008E1F4F /* Build configuration list for PBXNativeTarget "tictacsnow" */ = {
			isa = XCConfigurationList;
			buildConfigurations = (
				2799A1831A88C663008E1F4F /* Debug */,
				2799A1841A88C663008E1F4F /* Release */,
			);
			defaultConfigurationIsVisible = 0;
			defaultConfigurationName = Release;
		};
		2799A1851A88C663008E1F4F /* Build configuration list for PBXNativeTarget "tictacsnowTests" */ = {
			isa = XCConfigurationList;
			buildConfigurations = (
				2799A1861A88C663008E1F4F /* Debug */,
				2799A1871A88C663008E1F4F /* Release */,
			);
			defaultConfigurationIsVisible = 0;
			defaultConfigurationName = Release;
		};
/* End XCConfigurationList section */
	};
	rootObject = 2799A1571A88C663008E1F4F /* Project object */;
}
